
Microsoft Visual Studio Solution File, Format Version 12.00
# Visual Studio Version 16
VisualStudioVersion = 16.0.30204.135
MinimumVisualStudioVersion = 10.0.40219.1
Project("{9A19103F-16F7-4668-BE54-9A1E7A4F7556}") = "Base.Api", "BaseApiWithSwagger\src\Base.Api\Base.Api.csproj", "{F293D7AD-94A1-46DA-B5F2-92E62782403C}"
EndProject
Global
	GlobalSection(SolutionConfigurationPlatforms) = preSolution
		Debug|Any CPU = Debug|Any CPU
		Release|Any CPU = Release|Any CPU
	EndGlobalSection
	GlobalSection(ProjectConfigurationPlatforms) = postSolution
		{F293D7AD-94A1-46DA-B5F2-92E62782403C}.Debug|Any CPU.ActiveCfg = Debug|Any CPU
		{F293D7AD-94A1-46DA-B5F2-92E62782403C}.Debug|Any CPU.Build.0 = Debug|Any CPU
		{F293D7AD-94A1-46DA-B5F2-92E62782403C}.Release|Any CPU.ActiveCfg = Release|Any CPU
		{F293D7AD-94A1-46DA-B5F2-92E62782403C}.Release|Any CPU.Build.0 = Release|Any CPU
	EndGlobalSection
	GlobalSection(SolutionProperties) = preSolution
		HideSolutionNode = FALSE
	EndGlobalSection
	GlobalSection(ExtensibilityGlobals) = postSolution
		SolutionGuid = {97C03E06-3832-4365-A6DD-A6889A3AD328}
	EndGlobalSection
EndGlobal
